
Microsoft Visual Studio Solution File, Format Version 12.00
# Visual Studio Version 18
VisualStudioVersion = 18.0.11012.119
MinimumVisualStudioVersion = 10.0.40219.1
Project("{9A19103F-16F7-4668-BE54-9A1E7A4F7556}") = "SistemaDeVentas", "SistemaDeVentas\SistemaDeVentas.csproj", "{E50DD59B-90D5-47D9-988D-649CA55A99CD}"
EndProject
Project("{9A19103F-16F7-4668-BE54-9A1E7A4F7556}") = "Pdf417EncoderLibraryExt", "Pdf417EncoderLibraryExt\Pdf417EncoderLibraryExt.csproj", "{9F7B4CB1-717D-4078-8BAF-ABCBB134CB35}"
EndProject
Project("{FAE04EC0-301F-11D3-BF4B-00C04F79EFBC}") = "SistemaDeVentas.WinUI", "SistemaDeVentas.WinUI\SistemaDeVentas.WinUI.csproj", "{C2F7B73F-0452-4475-A66A-8264C5EEF4EC}"
EndProject
Project("{FAE04EC0-301F-11D3-BF4B-00C04F79EFBC}") = "SistemaDeVentas.Core", "SistemaDeVentas.Core\SistemaDeVentas.Core.csproj", "{27AF3712-08DB-40EA-8DE2-16089BBC2510}"
EndProject
Project("{FAE04EC0-301F-11D3-BF4B-00C04F79EFBC}") = "SistemaDeVentas.Infrastructure", "SistemaDeVentas.Infrastructure\SistemaDeVentas.Infrastructure.csproj", "{2AD4641D-2220-B5E1-AF49-9BD6EDF239C0}"
EndProject
Global
	GlobalSection(SolutionConfigurationPlatforms) = preSolution
		Debug|Any CPU = Debug|Any CPU
		Debug|ARM = Debug|ARM
		Debug|ARM64 = Debug|ARM64
		Debug|x64 = Debug|x64
		Debug|x86 = Debug|x86
		Release|Any CPU = Release|Any CPU
		Release|ARM = Release|ARM
		Release|ARM64 = Release|ARM64
		Release|x64 = Release|x64
		Release|x86 = Release|x86
	EndGlobalSection
	GlobalSection(ProjectConfigurationPlatforms) = postSolution
		{E50DD59B-90D5-47D9-988D-649CA55A99CD}.Debug|Any CPU.ActiveCfg = Debug|Any CPU
		{E50DD59B-90D5-47D9-988D-649CA55A99CD}.Debug|Any CPU.Build.0 = Debug|Any CPU
		{E50DD59B-90D5-47D9-988D-649CA55A99CD}.Debug|ARM.ActiveCfg = Debug|Any CPU
		{E50DD59B-90D5-47D9-988D-649CA55A99CD}.Debug|ARM.Build.0 = Debug|Any CPU
		{E50DD59B-90D5-47D9-988D-649CA55A99CD}.Debug|ARM64.ActiveCfg = Debug|Any CPU
		{E50DD59B-90D5-47D9-988D-649CA55A99CD}.Debug|ARM64.Build.0 = Debug|Any CPU
		{E50DD59B-90D5-47D9-988D-649CA55A99CD}.Debug|x64.ActiveCfg = Debug|Any CPU
		{E50DD59B-90D5-47D9-988D-649CA55A99CD}.Debug|x64.Build.0 = Debug|Any CPU
		{E50DD59B-90D5-47D9-988D-649CA55A99CD}.Debug|x86.ActiveCfg = Debug|Any CPU
		{E50DD59B-90D5-47D9-988D-649CA55A99CD}.Debug|x86.Build.0 = Debug|Any CPU
		{E50DD59B-90D5-47D9-988D-649CA55A99CD}.Release|Any CPU.ActiveCfg = Release|Any CPU
		{E50DD59B-90D5-47D9-988D-649CA55A99CD}.Release|Any CPU.Build.0 = Release|Any CPU
		{E50DD59B-90D5-47D9-988D-649CA55A99CD}.Release|ARM.ActiveCfg = Release|Any CPU
		{E50DD59B-90D5-47D9-988D-649CA55A99CD}.Release|ARM.Build.0 = Release|Any CPU
		{E50DD59B-90D5-47D9-988D-649CA55A99CD}.Release|ARM64.ActiveCfg = Release|Any CPU
		{E50DD59B-90D5-47D9-988D-649CA55A99CD}.Release|ARM64.Build.0 = Release|Any CPU
		{E50DD59B-90D5-47D9-988D-649CA55A99CD}.Release|x64.ActiveCfg = Release|Any CPU
		{E50DD59B-90D5-47D9-988D-649CA55A99CD}.Release|x64.Build.0 = Release|Any CPU
		{E50DD59B-90D5-47D9-988D-649CA55A99CD}.Release|x86.ActiveCfg = Release|Any CPU
		{E50DD59B-90D5-47D9-988D-649CA55A99CD}.Release|x86.Build.0 = Release|Any CPU
		{9F7B4CB1-717D-4078-8BAF-ABCBB134CB35}.Debug|Any CPU.ActiveCfg = Debug|Any CPU
		{9F7B4CB1-717D-4078-8BAF-ABCBB134CB35}.Debug|Any CPU.Build.0 = Debug|Any CPU
		{9F7B4CB1-717D-4078-8BAF-ABCBB134CB35}.Debug|ARM.ActiveCfg = Debug|Any CPU
		{9F7B4CB1-717D-4078-8BAF-ABCBB134CB35}.Debug|ARM.Build.0 = Debug|Any CPU
		{9F7B4CB1-717D-4078-8BAF-ABCBB134CB35}.Debug|ARM64.ActiveCfg = Debug|Any CPU
		{9F7B4CB1-717D-4078-8BAF-ABCBB134CB35}.Debug|ARM64.Build.0 = Debug|Any CPU
		{9F7B4CB1-717D-4078-8BAF-ABCBB134CB35}.Debug|x64.ActiveCfg = Debug|Any CPU
		{9F7B4CB1-717D-4078-8BAF-ABCBB134CB35}.Debug|x64.Build.0 = Debug|Any CPU
		{9F7B4CB1-717D-4078-8BAF-ABCBB134CB35}.Debug|x86.ActiveCfg = Debug|Any CPU
		{9F7B4CB1-717D-4078-8BAF-ABCBB134CB35}.Debug|x86.Build.0 = Debug|Any CPU
		{9F7B4CB1-717D-4078-8BAF-ABCBB134CB35}.Release|Any CPU.ActiveCfg = Release|Any CPU
		{9F7B4CB1-717D-4078-8BAF-ABCBB134CB35}.Release|Any CPU.Build.0 = Release|Any CPU
		{9F7B4CB1-717D-4078-8BAF-ABCBB134CB35}.Release|ARM.ActiveCfg = Release|Any CPU
		{9F7B4CB1-717D-4078-8BAF-ABCBB134CB35}.Release|ARM.Build.0 = Release|Any CPU
		{9F7B4CB1-717D-4078-8BAF-ABCBB134CB35}.Release|ARM64.ActiveCfg = Release|Any CPU
		{9F7B4CB1-717D-4078-8BAF-ABCBB134CB35}.Release|ARM64.Build.0 = Release|Any CPU
		{9F7B4CB1-717D-4078-8BAF-ABCBB134CB35}.Release|x64.ActiveCfg = Release|Any CPU
		{9F7B4CB1-717D-4078-8BAF-ABCBB134CB35}.Release|x64.Build.0 = Release|Any CPU
		{9F7B4CB1-717D-4078-8BAF-ABCBB134CB35}.Release|x86.ActiveCfg = Release|Any CPU
		{9F7B4CB1-717D-4078-8BAF-ABCBB134CB35}.Release|x86.Build.0 = Release|Any CPU
		{C2F7B73F-0452-4475-A66A-8264C5EEF4EC}.Debug|Any CPU.ActiveCfg = Debug|x64
		{C2F7B73F-0452-4475-A66A-8264C5EEF4EC}.Debug|Any CPU.Build.0 = Debug|x64
		{C2F7B73F-0452-4475-A66A-8264C5EEF4EC}.Debug|Any CPU.Deploy.0 = Debug|x64
		{C2F7B73F-0452-4475-A66A-8264C5EEF4EC}.Debug|ARM.ActiveCfg = Debug|x64
		{C2F7B73F-0452-4475-A66A-8264C5EEF4EC}.Debug|ARM.Build.0 = Debug|x64
		{C2F7B73F-0452-4475-A66A-8264C5EEF4EC}.Debug|ARM.Deploy.0 = Debug|x64
		{C2F7B73F-0452-4475-A66A-8264C5EEF4EC}.Debug|ARM64.ActiveCfg = Debug|ARM64
		{C2F7B73F-0452-4475-A66A-8264C5EEF4EC}.Debug|ARM64.Build.0 = Debug|ARM64
		{C2F7B73F-0452-4475-A66A-8264C5EEF4EC}.Debug|ARM64.Deploy.0 = Debug|ARM64
		{C2F7B73F-0452-4475-A66A-8264C5EEF4EC}.Debug|x64.ActiveCfg = Debug|x64
		{C2F7B73F-0452-4475-A66A-8264C5EEF4EC}.Debug|x64.Build.0 = Debug|x64
		{C2F7B73F-0452-4475-A66A-8264C5EEF4EC}.Debug|x64.Deploy.0 = Debug|x64
		{C2F7B73F-0452-4475-A66A-8264C5EEF4EC}.Debug|x86.ActiveCfg = Debug|x86
		{C2F7B73F-0452-4475-A66A-8264C5EEF4EC}.Debug|x86.Build.0 = Debug|x86
		{C2F7B73F-0452-4475-A66A-8264C5EEF4EC}.Debug|x86.Deploy.0 = Debug|x86
		{C2F7B73F-0452-4475-A66A-8264C5EEF4EC}.Release|Any CPU.ActiveCfg = Release|x64
		{C2F7B73F-0452-4475-A66A-8264C5EEF4EC}.Release|Any CPU.Build.0 = Release|x64
		{C2F7B73F-0452-4475-A66A-8264C5EEF4EC}.Release|Any CPU.Deploy.0 = Release|x64
		{C2F7B73F-0452-4475-A66A-8264C5EEF4EC}.Release|ARM.ActiveCfg = Release|x64
		{C2F7B73F-0452-4475-A66A-8264C5EEF4EC}.Release|ARM.Build.0 = Release|x64
		{C2F7B73F-0452-4475-A66A-8264C5EEF4EC}.Release|ARM.Deploy.0 = Release|x64
		{C2F7B73F-0452-4475-A66A-8264C5EEF4EC}.Release|ARM64.ActiveCfg = Release|ARM64
		{C2F7B73F-0452-4475-A66A-8264C5EEF4EC}.Release|ARM64.Build.0 = Release|ARM64
		{C2F7B73F-0452-4475-A66A-8264C5EEF4EC}.Release|ARM64.Deploy.0 = Release|ARM64
		{C2F7B73F-0452-4475-A66A-8264C5EEF4EC}.Release|x64.ActiveCfg = Release|x64
		{C2F7B73F-0452-4475-A66A-8264C5EEF4EC}.Release|x64.Build.0 = Release|x64
		{C2F7B73F-0452-4475-A66A-8264C5EEF4EC}.Release|x64.Deploy.0 = Release|x64
		{C2F7B73F-0452-4475-A66A-8264C5EEF4EC}.Release|x86.ActiveCfg = Release|x86
		{C2F7B73F-0452-4475-A66A-8264C5EEF4EC}.Release|x86.Build.0 = Release|x86
		{C2F7B73F-0452-4475-A66A-8264C5EEF4EC}.Release|x86.Deploy.0 = Release|x86
		{27AF3712-08DB-40EA-8DE2-16089BBC2510}.Debug|Any CPU.ActiveCfg = Debug|Any CPU
		{27AF3712-08DB-40EA-8DE2-16089BBC2510}.Debug|Any CPU.Build.0 = Debug|Any CPU
		{27AF3712-08DB-40EA-8DE2-16089BBC2510}.Debug|ARM.ActiveCfg = Debug|Any CPU
		{27AF3712-08DB-40EA-8DE2-16089BBC2510}.Debug|ARM.Build.0 = Debug|Any CPU
		{27AF3712-08DB-40EA-8DE2-16089BBC2510}.Debug|ARM64.ActiveCfg = Debug|Any CPU
		{27AF3712-08DB-40EA-8DE2-16089BBC2510}.Debug|ARM64.Build.0 = Debug|Any CPU
		{27AF3712-08DB-40EA-8DE2-16089BBC2510}.Debug|x64.ActiveCfg = Debug|Any CPU
		{27AF3712-08DB-40EA-8DE2-16089BBC2510}.Debug|x64.Build.0 = Debug|Any CPU
		{27AF3712-08DB-40EA-8DE2-16089BBC2510}.Debug|x86.ActiveCfg = Debug|Any CPU
		{27AF3712-08DB-40EA-8DE2-16089BBC2510}.Debug|x86.Build.0 = Debug|Any CPU
		{27AF3712-08DB-40EA-8DE2-16089BBC2510}.Release|Any CPU.ActiveCfg = Release|Any CPU
		{27AF3712-08DB-40EA-8DE2-16089BBC2510}.Release|Any CPU.Build.0 = Release|Any CPU
		{27AF3712-08DB-40EA-8DE2-16089BBC2510}.Release|ARM.ActiveCfg = Release|Any CPU
		{27AF3712-08DB-40EA-8DE2-16089BBC2510}.Release|ARM.Build.0 = Release|Any CPU
		{27AF3712-08DB-40EA-8DE2-16089BBC2510}.Release|ARM64.ActiveCfg = Release|Any CPU
		{27AF3712-08DB-40EA-8DE2-16089BBC2510}.Release|ARM64.Build.0 = Release|Any CPU
		{27AF3712-08DB-40EA-8DE2-16089BBC2510}.Release|x64.ActiveCfg = Release|Any CPU
		{27AF3712-08DB-40EA-8DE2-16089BBC2510}.Release|x64.Build.0 = Release|Any CPU
		{27AF3712-08DB-40EA-8DE2-16089BBC2510}.Release|x86.ActiveCfg = Release|Any CPU
		{27AF3712-08DB-40EA-8DE2-16089BBC2510}.Release|x86.Build.0 = Release|Any CPU
		{2AD4641D-2220-B5E1-AF49-9BD6EDF239C0}.Debug|Any CPU.ActiveCfg = Debug|Any CPU
		{2AD4641D-2220-B5E1-AF49-9BD6EDF239C0}.Debug|Any CPU.Build.0 = Debug|Any CPU
		{2AD4641D-2220-B5E1-AF49-9BD6EDF239C0}.Debug|ARM.ActiveCfg = Debug|Any CPU
		{2AD4641D-2220-B5E1-AF49-9BD6EDF239C0}.Debug|ARM.Build.0 = Debug|Any CPU
		{2AD4641D-2220-B5E1-AF49-9BD6EDF239C0}.Debug|ARM64.ActiveCfg = Debug|Any CPU
		{2AD4641D-2220-B5E1-AF49-9BD6EDF239C0}.Debug|ARM64.Build.0 = Debug|Any CPU
		{2AD4641D-2220-B5E1-AF49-9BD6EDF239C0}.Debug|x64.ActiveCfg = Debug|Any CPU
		{2AD4641D-2220-B5E1-AF49-9BD6EDF239C0}.Debug|x64.Build.0 = Debug|Any CPU
		{2AD4641D-2220-B5E1-AF49-9BD6EDF239C0}.Debug|x86.ActiveCfg = Debug|Any CPU
		{2AD4641D-2220-B5E1-AF49-9BD6EDF239C0}.Debug|x86.Build.0 = Debug|Any CPU
		{2AD4641D-2220-B5E1-AF49-9BD6EDF239C0}.Release|Any CPU.ActiveCfg = Release|Any CPU
		{2AD4641D-2220-B5E1-AF49-9BD6EDF239C0}.Release|Any CPU.Build.0 = Release|Any CPU
		{2AD4641D-2220-B5E1-AF49-9BD6EDF239C0}.Release|ARM.ActiveCfg = Release|Any CPU
		{2AD4641D-2220-B5E1-AF49-9BD6EDF239C0}.Release|ARM.Build.0 = Release|Any CPU
		{2AD4641D-2220-B5E1-AF49-9BD6EDF239C0}.Release|ARM64.ActiveCfg = Release|Any CPU
		{2AD4641D-2220-B5E1-AF49-9BD6EDF239C0}.Release|ARM64.Build.0 = Release|Any CPU
		{2AD4641D-2220-B5E1-AF49-9BD6EDF239C0}.Release|x64.ActiveCfg = Release|Any CPU
		{2AD4641D-2220-B5E1-AF49-9BD6EDF239C0}.Release|x64.Build.0 = Release|Any CPU
		{2AD4641D-2220-B5E1-AF49-9BD6EDF239C0}.Release|x86.ActiveCfg = Release|Any CPU
		{2AD4641D-2220-B5E1-AF49-9BD6EDF239C0}.Release|x86.Build.0 = Release|Any CPU
	EndGlobalSection
	GlobalSection(SolutionProperties) = preSolution
		HideSolutionNode = FALSE
	EndGlobalSection
	GlobalSection(ExtensibilityGlobals) = postSolution
		SolutionGuid = {7F9A3735-ACB5-4DC5-B373-DCB3EB59CF5B}
	EndGlobalSection
EndGlobal
